
Microsoft Visual Studio Solution File, Format Version 11.00
# Visual Studio 2010
Project("{FAE04EC0-301F-11D3-BF4B-00C04F79EFBC}") = "DIP.Controller-2010", "DIP.Controller\DIP.Controller-2010.csproj", "{AEED2765-E7E7-489A-B101-044E6B864159}"
EndProject
Global
	GlobalSection(SolutionConfigurationPlatforms) = preSolution
		Debug|Any CPU = Debug|Any CPU
		Release|Any CPU = Release|Any CPU
	EndGlobalSection
	GlobalSection(ProjectConfigurationPlatforms) = postSolution
		{AEED2765-E7E7-489A-B101-044E6B864159}.Debug|Any CPU.ActiveCfg = Debug|Any CPU
		{AEED2765-E7E7-489A-B101-044E6B864159}.Debug|Any CPU.Build.0 = Debug|Any CPU
		{AEED2765-E7E7-489A-B101-044E6B864159}.Release|Any CPU.ActiveCfg = Release|Any CPU
		{AEED2765-E7E7-489A-B101-044E6B864159}.Release|Any CPU.Build.0 = Release|Any CPU
	EndGlobalSection
	GlobalSection(SolutionProperties) = preSolution
		HideSolutionNode = FALSE
	EndGlobalSection
EndGlobal
